// !$*UTF8*$!
{
	archiveVersion = 1;
	classes = {
	};
	objectVersion = 56;
	objects = {

/* Begin PBXBuildFile section */
		452CBFA129570FA3005CDE4F /* RecipeDetails.swift in Sources */ = {isa = PBXBuildFile; fileRef = 452CBFA029570FA3005CDE4F /* RecipeDetails.swift */; };
		452CBFA429576708005CDE4F /* SimpleToast in Frameworks */ = {isa = PBXBuildFile; productRef = 452CBFA329576708005CDE4F /* SimpleToast */; };
		452CBFA629577F75005CDE4F /* RecipeEdit.swift in Sources */ = {isa = PBXBuildFile; fileRef = 452CBFA529577F75005CDE4F /* RecipeEdit.swift */; };
		45B9B1E429489CBA005DA442 /* ViewController3API.swift in Sources */ = {isa = PBXBuildFile; fileRef = 45B9B1E329489CBA005DA442 /* ViewController3API.swift */; };
		45E932A129471C9400B83499 /* AppDelegate.swift in Sources */ = {isa = PBXBuildFile; fileRef = 45E932A029471C9400B83499 /* AppDelegate.swift */; };
		45E932A329471C9400B83499 /* SceneDelegate.swift in Sources */ = {isa = PBXBuildFile; fileRef = 45E932A229471C9400B83499 /* SceneDelegate.swift */; };
		45E932A529471C9400B83499 /* ViewController.swift in Sources */ = {isa = PBXBuildFile; fileRef = 45E932A429471C9400B83499 /* ViewController.swift */; };
		45E932A829471C9400B83499 /* Main.storyboard in Resources */ = {isa = PBXBuildFile; fileRef = 45E932A629471C9400B83499 /* Main.storyboard */; };
		45E932AA29471C9400B83499 /* Assets.xcassets in Resources */ = {isa = PBXBuildFile; fileRef = 45E932A929471C9400B83499 /* Assets.xcassets */; };
		45E932AD29471C9400B83499 /* LaunchScreen.storyboard in Resources */ = {isa = PBXBuildFile; fileRef = 45E932AB29471C9400B83499 /* LaunchScreen.storyboard */; };
		45E932B52947259000B83499 /* recipe_app.db in Resources */ = {isa = PBXBuildFile; fileRef = 45E932B42947259000B83499 /* recipe_app.db */; };
		45E932C3294727FD00B83499 /* FMDatabaseAdditions.m in Sources */ = {isa = PBXBuildFile; fileRef = 45E932B8294727FD00B83499 /* FMDatabaseAdditions.m */; };
		45E932C4294727FD00B83499 /* FMResultSet.m in Sources */ = {isa = PBXBuildFile; fileRef = 45E932BA294727FD00B83499 /* FMResultSet.m */; };
		45E932C5294727FD00B83499 /* FMDatabasePool.m in Sources */ = {isa = PBXBuildFile; fileRef = 45E932BC294727FD00B83499 /* FMDatabasePool.m */; };
		45E932C6294727FD00B83499 /* FMDatabase.m in Sources */ = {isa = PBXBuildFile; fileRef = 45E932BD294727FD00B83499 /* FMDatabase.m */; };
		45E932C7294727FD00B83499 /* FMDatabaseQueue.m in Sources */ = {isa = PBXBuildFile; fileRef = 45E932BF294727FD00B83499 /* FMDatabaseQueue.m */; };
		45E932C9294728DF00B83499 /* Util.swift in Sources */ = {isa = PBXBuildFile; fileRef = 45E932C8294728DF00B83499 /* Util.swift */; };
		45E932CB29472F9400B83499 /* recipe_model.swift in Sources */ = {isa = PBXBuildFile; fileRef = 45E932CA29472F9400B83499 /* recipe_model.swift */; };
		45E932CD2947309500B83499 /* DatabaseManager.swift in Sources */ = {isa = PBXBuildFile; fileRef = 45E932CC2947309500B83499 /* DatabaseManager.swift */; };
		45E932CF29474E1A00B83499 /* SplashController.swift in Sources */ = {isa = PBXBuildFile; fileRef = 45E932CE29474E1A00B83499 /* SplashController.swift */; };
		45E932D12947608900B83499 /* ViewController2.swift in Sources */ = {isa = PBXBuildFile; fileRef = 45E932D02947608900B83499 /* ViewController2.swift */; };
/* End PBXBuildFile section */

/* Begin PBXFileReference section */
		452CBFA029570FA3005CDE4F /* RecipeDetails.swift */ = {isa = PBXFileReference; lastKnownFileType = sourcecode.swift; path = RecipeDetails.swift; sourceTree = "<group>"; };
		452CBFA529577F75005CDE4F /* RecipeEdit.swift */ = {isa = PBXFileReference; lastKnownFileType = sourcecode.swift; path = RecipeEdit.swift; sourceTree = "<group>"; };
		45B9B1E329489CBA005DA442 /* ViewController3API.swift */ = {isa = PBXFileReference; lastKnownFileType = sourcecode.swift; path = ViewController3API.swift; sourceTree = "<group>"; };
		45E9329D29471C9400B83499 /* cook_book.app */ = {isa = PBXFileReference; explicitFileType = wrapper.application; includeInIndex = 0; path = cook_book.app; sourceTree = BUILT_PRODUCTS_DIR; };
		45E932A029471C9400B83499 /* AppDelegate.swift */ = {isa = PBXFileReference; lastKnownFileType = sourcecode.swift; path = AppDelegate.swift; sourceTree = "<group>"; };
		45E932A229471C9400B83499 /* SceneDelegate.swift */ = {isa = PBXFileReference; lastKnownFileType = sourcecode.swift; path = SceneDelegate.swift; sourceTree = "<group>"; };
		45E932A429471C9400B83499 /* ViewController.swift */ = {isa = PBXFileReference; lastKnownFileType = sourcecode.swift; path = ViewController.swift; sourceTree = "<group>"; };
		45E932A729471C9400B83499 /* Base */ = {isa = PBXFileReference; lastKnownFileType = file.storyboard; name = Base; path = Base.lproj/Main.storyboard; sourceTree = "<group>"; };
		45E932A929471C9400B83499 /* Assets.xcassets */ = {isa = PBXFileReference; lastKnownFileType = folder.assetcatalog; path = Assets.xcassets; sourceTree = "<group>"; };
		45E932AC29471C9400B83499 /* Base */ = {isa = PBXFileReference; lastKnownFileType = file.storyboard; name = Base; path = Base.lproj/LaunchScreen.storyboard; sourceTree = "<group>"; };
		45E932AE29471C9400B83499 /* Info.plist */ = {isa = PBXFileReference; lastKnownFileType = text.plist.xml; path = Info.plist; sourceTree = "<group>"; };
		45E932B42947259000B83499 /* recipe_app.db */ = {isa = PBXFileReference; lastKnownFileType = file; path = recipe_app.db; sourceTree = "<group>"; };
		45E932B7294727FC00B83499 /* cook_book-Bridging-Header.h */ = {isa = PBXFileReference; lastKnownFileType = sourcecode.c.h; path = "cook_book-Bridging-Header.h"; sourceTree = "<group>"; };
		45E932B8294727FD00B83499 /* FMDatabaseAdditions.m */ = {isa = PBXFileReference; fileEncoding = 4; lastKnownFileType = sourcecode.c.objc; name = FMDatabaseAdditions.m; path = "../../../database/fmdb-master/src/fmdb/FMDatabaseAdditions.m"; sourceTree = "<group>"; };
		45E932B9294727FD00B83499 /* FMDatabase.h */ = {isa = PBXFileReference; fileEncoding = 4; lastKnownFileType = sourcecode.c.h; name = FMDatabase.h; path = "../../../database/fmdb-master/src/fmdb/FMDatabase.h"; sourceTree = "<group>"; };
		45E932BA294727FD00B83499 /* FMResultSet.m */ = {isa = PBXFileReference; fileEncoding = 4; lastKnownFileType = sourcecode.c.objc; name = FMResultSet.m; path = "../../../database/fmdb-master/src/fmdb/FMResultSet.m"; sourceTree = "<group>"; };
		45E932BB294727FD00B83499 /* FMDatabaseQueue.h */ = {isa = PBXFileReference; fileEncoding = 4; lastKnownFileType = sourcecode.c.h; name = FMDatabaseQueue.h; path = "../../../database/fmdb-master/src/fmdb/FMDatabaseQueue.h"; sourceTree = "<group>"; };
		45E932BC294727FD00B83499 /* FMDatabasePool.m */ = {isa = PBXFileReference; fileEncoding = 4; lastKnownFileType = sourcecode.c.objc; name = FMDatabasePool.m; path = "../../../database/fmdb-master/src/fmdb/FMDatabasePool.m"; sourceTree = "<group>"; };
		45E932BD294727FD00B83499 /* FMDatabase.m */ = {isa = PBXFileReference; fileEncoding = 4; lastKnownFileType = sourcecode.c.objc; name = FMDatabase.m; path = "../../../database/fmdb-master/src/fmdb/FMDatabase.m"; sourceTree = "<group>"; };
		45E932BE294727FD00B83499 /* FMDatabaseAdditions.h */ = {isa = PBXFileReference; fileEncoding = 4; lastKnownFileType = sourcecode.c.h; name = FMDatabaseAdditions.h; path = "../../../database/fmdb-master/src/fmdb/FMDatabaseAdditions.h"; sourceTree = "<group>"; };
		45E932BF294727FD00B83499 /* FMDatabaseQueue.m */ = {isa = PBXFileReference; fileEncoding = 4; lastKnownFileType = sourcecode.c.objc; name = FMDatabaseQueue.m; path = "../../../database/fmdb-master/src/fmdb/FMDatabaseQueue.m"; sourceTree = "<group>"; };
		45E932C0294727FD00B83499 /* FMResultSet.h */ = {isa = PBXFileReference; fileEncoding = 4; lastKnownFileType = sourcecode.c.h; name = FMResultSet.h; path = "../../../database/fmdb-master/src/fmdb/FMResultSet.h"; sourceTree = "<group>"; };
		45E932C1294727FD00B83499 /* FMDB.h */ = {isa = PBXFileReference; fileEncoding = 4; lastKnownFileType = sourcecode.c.h; name = FMDB.h; path = "../../../database/fmdb-master/src/fmdb/FMDB.h"; sourceTree = "<group>"; };
		45E932C2294727FD00B83499 /* FMDatabasePool.h */ = {isa = PBXFileReference; fileEncoding = 4; lastKnownFileType = sourcecode.c.h; name = FMDatabasePool.h; path = "../../../database/fmdb-master/src/fmdb/FMDatabasePool.h"; sourceTree = "<group>"; };
		45E932C8294728DF00B83499 /* Util.swift */ = {isa = PBXFileReference; lastKnownFileType = sourcecode.swift; path = Util.swift; sourceTree = "<group>"; };
		45E932CA29472F9400B83499 /* recipe_model.swift */ = {isa = PBXFileReference; lastKnownFileType = sourcecode.swift; path = recipe_model.swift; sourceTree = "<group>"; };
		45E932CC2947309500B83499 /* DatabaseManager.swift */ = {isa = PBXFileReference; lastKnownFileType = sourcecode.swift; path = DatabaseManager.swift; sourceTree = "<group>"; };
		45E932CE29474E1A00B83499 /* SplashController.swift */ = {isa = PBXFileReference; lastKnownFileType = sourcecode.swift; path = SplashController.swift; sourceTree = "<group>"; };
		45E932D02947608900B83499 /* ViewController2.swift */ = {isa = PBXFileReference; lastKnownFileType = sourcecode.swift; path = ViewController2.swift; sourceTree = "<group>"; };
/* End PBXFileReference section */

/* Begin PBXFrameworksBuildPhase section */
		45E9329A29471C9400B83499 /* Frameworks */ = {
			isa = PBXFrameworksBuildPhase;
			buildActionMask = 2147483647;
			files = (
				452CBFA429576708005CDE4F /* SimpleToast in Frameworks */,
			);
			runOnlyForDeploymentPostprocessing = 0;
		};
/* End PBXFrameworksBuildPhase section */

/* Begin PBXGroup section */
		45E9329429471C9400B83499 = {
			isa = PBXGroup;
			children = (
				45E9329F29471C9400B83499 /* cook_book */,
				45E9329E29471C9400B83499 /* Products */,
			);
			sourceTree = "<group>";
		};
		45E9329E29471C9400B83499 /* Products */ = {
			isa = PBXGroup;
			children = (
				45E9329D29471C9400B83499 /* cook_book.app */,
			);
			name = Products;
			sourceTree = "<group>";
		};
		45E9329F29471C9400B83499 /* cook_book */ = {
			isa = PBXGroup;
			children = (
				45E932B6294725EF00B83499 /* FMDB */,
				45E932B42947259000B83499 /* recipe_app.db */,
				45E932A029471C9400B83499 /* AppDelegate.swift */,
				45E932CC2947309500B83499 /* DatabaseManager.swift */,
				45E932CE29474E1A00B83499 /* SplashController.swift */,
				452CBFA029570FA3005CDE4F /* RecipeDetails.swift */,
				452CBFA529577F75005CDE4F /* RecipeEdit.swift */,
				45E932A229471C9400B83499 /* SceneDelegate.swift */,
				45E932C8294728DF00B83499 /* Util.swift */,
				45E932CA29472F9400B83499 /* recipe_model.swift */,
				45E932A429471C9400B83499 /* ViewController.swift */,
				45B9B1E329489CBA005DA442 /* ViewController3API.swift */,
				45E932D02947608900B83499 /* ViewController2.swift */,
				45E932A629471C9400B83499 /* Main.storyboard */,
				45E932A929471C9400B83499 /* Assets.xcassets */,
				45E932AB29471C9400B83499 /* LaunchScreen.storyboard */,
				45E932AE29471C9400B83499 /* Info.plist */,
			);
			path = cook_book;
			sourceTree = "<group>";
		};
		45E932B6294725EF00B83499 /* FMDB */ = {
			isa = PBXGroup;
			children = (
				45E932B9294727FD00B83499 /* FMDatabase.h */,
				45E932BD294727FD00B83499 /* FMDatabase.m */,
				45E932BE294727FD00B83499 /* FMDatabaseAdditions.h */,
				45E932B8294727FD00B83499 /* FMDatabaseAdditions.m */,
				45E932C2294727FD00B83499 /* FMDatabasePool.h */,
				45E932BC294727FD00B83499 /* FMDatabasePool.m */,
				45E932BB294727FD00B83499 /* FMDatabaseQueue.h */,
				45E932BF294727FD00B83499 /* FMDatabaseQueue.m */,
				45E932C1294727FD00B83499 /* FMDB.h */,
				45E932C0294727FD00B83499 /* FMResultSet.h */,
				45E932BA294727FD00B83499 /* FMResultSet.m */,
				45E932B7294727FC00B83499 /* cook_book-Bridging-Header.h */,
			);
			path = FMDB;
			sourceTree = "<group>";
		};
/* End PBXGroup section */

/* Begin PBXNativeTarget section */
		45E9329C29471C9400B83499 /* cook_book */ = {
			isa = PBXNativeTarget;
			buildConfigurationList = 45E932B129471C9400B83499 /* Build configuration list for PBXNativeTarget "cook_book" */;
			buildPhases = (
				45E9329929471C9400B83499 /* Sources */,
				45E9329A29471C9400B83499 /* Frameworks */,
				45E9329B29471C9400B83499 /* Resources */,
			);
			buildRules = (
			);
			dependencies = (
			);
			name = cook_book;
			packageProductDependencies = (
				452CBFA329576708005CDE4F /* SimpleToast */,
			);
			productName = cook_book;
			productReference = 45E9329D29471C9400B83499 /* cook_book.app */;
			productType = "com.apple.product-type.application";
		};
/* End PBXNativeTarget section */

/* Begin PBXProject section */
		45E9329529471C9400B83499 /* Project object */ = {
			isa = PBXProject;
			attributes = {
				BuildIndependentTargetsInParallel = 1;
				LastSwiftUpdateCheck = 1400;
				LastUpgradeCheck = 1400;
				TargetAttributes = {
					45E9329C29471C9400B83499 = {
						CreatedOnToolsVersion = 14.0.1;
						LastSwiftMigration = 1400;
					};
				};
			};
			buildConfigurationList = 45E9329829471C9400B83499 /* Build configuration list for PBXProject "cook_book" */;
			compatibilityVersion = "Xcode 14.0";
			developmentRegion = en;
			hasScannedForEncodings = 0;
			knownRegions = (
				en,
				Base,
			);
			mainGroup = 45E9329429471C9400B83499;
			packageReferences = (
				452CBFA229576708005CDE4F /* XCRemoteSwiftPackageReference "SimpleToast" */,
			);
			productRefGroup = 45E9329E29471C9400B83499 /* Products */;
			projectDirPath = "";
			projectRoot = "";
			targets = (
				45E9329C29471C9400B83499 /* cook_book */,
			);
		};
/* End PBXProject section */

/* Begin PBXResourcesBuildPhase section */
		45E9329B29471C9400B83499 /* Resources */ = {
			isa = PBXResourcesBuildPhase;
			buildActionMask = 2147483647;
			files = (
				45E932AD29471C9400B83499 /* LaunchScreen.storyboard in Resources */,
				45E932B52947259000B83499 /* recipe_app.db in Resources */,
				45E932AA29471C9400B83499 /* Assets.xcassets in Resources */,
				45E932A829471C9400B83499 /* Main.storyboard in Resources */,
			);
			runOnlyForDeploymentPostprocessing = 0;
		};
/* End PBXResourcesBuildPhase section */

/* Begin PBXSourcesBuildPhase section */
		45E9329929471C9400B83499 /* Sources */ = {
			isa = PBXSourcesBuildPhase;
			buildActionMask = 2147483647;
			files = (
				45E932A529471C9400B83499 /* ViewController.swift in Sources */,
				45B9B1E429489CBA005DA442 /* ViewController3API.swift in Sources */,
				45E932CD2947309500B83499 /* DatabaseManager.swift in Sources */,
				452CBFA129570FA3005CDE4F /* RecipeDetails.swift in Sources */,
				45E932C9294728DF00B83499 /* Util.swift in Sources */,
				45E932C7294727FD00B83499 /* FMDatabaseQueue.m in Sources */,
				45E932C5294727FD00B83499 /* FMDatabasePool.m in Sources */,
				45E932A129471C9400B83499 /* AppDelegate.swift in Sources */,
				45E932C6294727FD00B83499 /* FMDatabase.m in Sources */,
				452CBFA629577F75005CDE4F /* RecipeEdit.swift in Sources */,
				45E932A329471C9400B83499 /* SceneDelegate.swift in Sources */,
				45E932CF29474E1A00B83499 /* SplashController.swift in Sources */,
				45E932C3294727FD00B83499 /* FMDatabaseAdditions.m in Sources */,
				45E932C4294727FD00B83499 /* FMResultSet.m in Sources */,
				45E932CB29472F9400B83499 /* recipe_model.swift in Sources */,
				45E932D12947608900B83499 /* ViewController2.swift in Sources */,
			);
			runOnlyForDeploymentPostprocessing = 0;
		};
/* End PBXSourcesBuildPhase section */

/* Begin PBXVariantGroup section */
		45E932A629471C9400B83499 /* Main.storyboard */ = {
			isa = PBXVariantGroup;
			children = (
				45E932A729471C9400B83499 /* Base */,
			);
			name = Main.storyboard;
			sourceTree = "<group>";
		};
		45E932AB29471C9400B83499 /* LaunchScreen.storyboard */ = {
			isa = PBXVariantGroup;
			children = (
				45E932AC29471C9400B83499 /* Base */,
			);
			name = LaunchScreen.storyboard;
			sourceTree = "<group>";
		};
/* End PBXVariantGroup section */

/* Begin XCBuildConfiguration section */
		45E932AF29471C9400B83499 /* Debug */ = {
			isa = XCBuildConfiguration;
			buildSettings = {
				ALWAYS_SEARCH_USER_PATHS = NO;
				CLANG_ANALYZER_NONNULL = YES;
				CLANG_ANALYZER_NUMBER_OBJECT_CONVERSION = YES_AGGRESSIVE;
				CLANG_CXX_LANGUAGE_STANDARD = "gnu++20";
				CLANG_ENABLE_MODULES = YES;
				CLANG_ENABLE_OBJC_ARC = YES;
				CLANG_ENABLE_OBJC_WEAK = YES;
				CLANG_WARN_BLOCK_CAPTURE_AUTORELEASING = YES;
				CLANG_WARN_BOOL_CONVERSION = YES;
				CLANG_WARN_COMMA = YES;
				CLANG_WARN_CONSTANT_CONVERSION = YES;
				CLANG_WARN_DEPRECATED_OBJC_IMPLEMENTATIONS = YES;
				CLANG_WARN_DIRECT_OBJC_ISA_USAGE = YES_ERROR;
				CLANG_WARN_DOCUMENTATION_COMMENTS = YES;
				CLANG_WARN_EMPTY_BODY = YES;
				CLANG_WARN_ENUM_CONVERSION = YES;
				CLANG_WARN_INFINITE_RECURSION = YES;
				CLANG_WARN_INT_CONVERSION = YES;
				CLANG_WARN_NON_LITERAL_NULL_CONVERSION = YES;
				CLANG_WARN_OBJC_IMPLICIT_RETAIN_SELF = YES;
				CLANG_WARN_OBJC_LITERAL_CONVERSION = YES;
				CLANG_WARN_OBJC_ROOT_CLASS = YES_ERROR;
				CLANG_WARN_QUOTED_INCLUDE_IN_FRAMEWORK_HEADER = YES;
				CLANG_WARN_RANGE_LOOP_ANALYSIS = YES;
				CLANG_WARN_STRICT_PROTOTYPES = YES;
				CLANG_WARN_SUSPICIOUS_MOVE = YES;
				CLANG_WARN_UNGUARDED_AVAILABILITY = YES_AGGRESSIVE;
				CLANG_WARN_UNREACHABLE_CODE = YES;
				CLANG_WARN__DUPLICATE_METHOD_MATCH = YES;
				COPY_PHASE_STRIP = NO;
				DEBUG_INFORMATION_FORMAT = dwarf;
				ENABLE_STRICT_OBJC_MSGSEND = YES;
				ENABLE_TESTABILITY = YES;
				GCC_C_LANGUAGE_STANDARD = gnu11;
				GCC_DYNAMIC_NO_PIC = NO;
				GCC_NO_COMMON_BLOCKS = YES;
				GCC_OPTIMIZATION_LEVEL = 0;
				GCC_PREPROCESSOR_DEFINITIONS = (
					"DEBUG=1",
					"$(inherited)",
				);
				GCC_WARN_64_TO_32_BIT_CONVERSION = YES;
				GCC_WARN_ABOUT_RETURN_TYPE = YES_ERROR;
				GCC_WARN_UNDECLARED_SELECTOR = YES;
				GCC_WARN_UNINITIALIZED_AUTOS = YES_AGGRESSIVE;
				GCC_WARN_UNUSED_FUNCTION = YES;
				GCC_WARN_UNUSED_VARIABLE = YES;
				IPHONEOS_DEPLOYMENT_TARGET = 16.0;
				MTL_ENABLE_DEBUG_INFO = INCLUDE_SOURCE;
				MTL_FAST_MATH = YES;
				ONLY_ACTIVE_ARCH = YES;
				SDKROOT = iphoneos;
				SWIFT_ACTIVE_COMPILATION_CONDITIONS = DEBUG;
				SWIFT_OPTIMIZATION_LEVEL = "-Onone";
			};
			name = Debug;
		};
		45E932B029471C9400B83499 /* Release */ = {
			isa = XCBuildConfiguration;
			buildSettings = {
				ALWAYS_SEARCH_USER_PATHS = NO;
				CLANG_ANALYZER_NONNULL = YES;
				CLANG_ANALYZER_NUMBER_OBJECT_CONVERSION = YES_AGGRESSIVE;
				CLANG_CXX_LANGUAGE_STANDARD = "gnu++20";
				CLANG_ENABLE_MODULES = YES;
				CLANG_ENABLE_OBJC_ARC = YES;
				CLANG_ENABLE_OBJC_WEAK = YES;
				CLANG_WARN_BLOCK_CAPTURE_AUTORELEASING = YES;
				CLANG_WARN_BOOL_CONVERSION = YES;
				CLANG_WARN_COMMA = YES;
				CLANG_WARN_CONSTANT_CONVERSION = YES;
				CLANG_WARN_DEPRECATED_OBJC_IMPLEMENTATIONS = YES;
				CLANG_WARN_DIRECT_OBJC_ISA_USAGE = YES_ERROR;
				CLANG_WARN_DOCUMENTATION_COMMENTS = YES;
				CLANG_WARN_EMPTY_BODY = YES;
				CLANG_WARN_ENUM_CONVERSION = YES;
				CLANG_WARN_INFINITE_RECURSION = YES;
				CLANG_WARN_INT_CONVERSION = YES;
				CLANG_WARN_NON_LITERAL_NULL_CONVERSION = YES;
				CLANG_WARN_OBJC_IMPLICIT_RETAIN_SELF = YES;
				CLANG_WARN_OBJC_LITERAL_CONVERSION = YES;
				CLANG_WARN_OBJC_ROOT_CLASS = YES_ERROR;
				CLANG_WARN_QUOTED_INCLUDE_IN_FRAMEWORK_HEADER = YES;
				CLANG_WARN_RANGE_LOOP_ANALYSIS = YES;
				CLANG_WARN_STRICT_PROTOTYPES = YES;
				CLANG_WARN_SUSPICIOUS_MOVE = YES;
				CLANG_WARN_UNGUARDED_AVAILABILITY = YES_AGGRESSIVE;
				CLANG_WARN_UNREACHABLE_CODE = YES;
				CLANG_WARN__DUPLICATE_METHOD_MATCH = YES;
				COPY_PHASE_STRIP = NO;
				DEBUG_INFORMATION_FORMAT = "dwarf-with-dsym";
				ENABLE_NS_ASSERTIONS = NO;
				ENABLE_STRICT_OBJC_MSGSEND = YES;
				GCC_C_LANGUAGE_STANDARD = gnu11;
				GCC_NO_COMMON_BLOCKS = YES;
				GCC_WARN_64_TO_32_BIT_CONVERSION = YES;
				GCC_WARN_ABOUT_RETURN_TYPE = YES_ERROR;
				GCC_WARN_UNDECLARED_SELECTOR = YES;
				GCC_WARN_UNINITIALIZED_AUTOS = YES_AGGRESSIVE;
				GCC_WARN_UNUSED_FUNCTION = YES;
				GCC_WARN_UNUSED_VARIABLE = YES;
				IPHONEOS_DEPLOYMENT_TARGET = 16.0;
				MTL_ENABLE_DEBUG_INFO = NO;
				MTL_FAST_MATH = YES;
				SDKROOT = iphoneos;
				SWIFT_COMPILATION_MODE = wholemodule;
				SWIFT_OPTIMIZATION_LEVEL = "-O";
				VALIDATE_PRODUCT = YES;
			};
			name = Release;
		};
		45E932B229471C9400B83499 /* Debug */ = {
			isa = XCBuildConfiguration;
			buildSettings = {
				ASSETCATALOG_COMPILER_APPICON_NAME = AppIcon;
				ASSETCATALOG_COMPILER_GLOBAL_ACCENT_COLOR_NAME = AccentColor;
				CLANG_ENABLE_MODULES = YES;
				CODE_SIGN_STYLE = Automatic;
				CURRENT_PROJECT_VERSION = 1;
				GENERATE_INFOPLIST_FILE = YES;
				INFOPLIST_FILE = cook_book/Info.plist;
				INFOPLIST_KEY_UIApplicationSupportsIndirectInputEvents = YES;
				INFOPLIST_KEY_UILaunchStoryboardName = LaunchScreen;
				INFOPLIST_KEY_UIMainStoryboardFile = Main;
				INFOPLIST_KEY_UISupportedInterfaceOrientations_iPad = "UIInterfaceOrientationPortrait UIInterfaceOrientationPortraitUpsideDown UIInterfaceOrientationLandscapeLeft UIInterfaceOrientationLandscapeRight";
				INFOPLIST_KEY_UISupportedInterfaceOrientations_iPhone = "UIInterfaceOrientationPortrait UIInterfaceOrientationLandscapeLeft UIInterfaceOrientationLandscapeRight";
				LD_RUNPATH_SEARCH_PATHS = (
					"$(inherited)",
					"@executable_path/Frameworks",
				);
				MARKETING_VERSION = 1.0;
				PRODUCT_BUNDLE_IDENTIFIER = "company.cook-book";
				PRODUCT_NAME = "$(TARGET_NAME)";
				SWIFT_EMIT_LOC_STRINGS = YES;
				SWIFT_OBJC_BRIDGING_HEADER = "cook_book/FMDB/cook_book-Bridging-Header.h";
				SWIFT_OPTIMIZATION_LEVEL = "-Onone";
				SWIFT_VERSION = 5.0;
				TARGETED_DEVICE_FAMILY = "1,2";
			};
			name = Debug;
		};
		45E932B329471C9400B83499 /* Release */ = {
			isa = XCBuildConfiguration;
			buildSettings = {
				ASSETCATALOG_COMPILER_APPICON_NAME = AppIcon;
				ASSETCATALOG_COMPILER_GLOBAL_ACCENT_COLOR_NAME = AccentColor;
				CLANG_ENABLE_MODULES = YES;
				CODE_SIGN_STYLE = Automatic;
				CURRENT_PROJECT_VERSION = 1;
				GENERATE_INFOPLIST_FILE = YES;
				INFOPLIST_FILE = cook_book/Info.plist;
				INFOPLIST_KEY_UIApplicationSupportsIndirectInputEvents = YES;
				INFOPLIST_KEY_UILaunchStoryboardName = LaunchScreen;
				INFOPLIST_KEY_UIMainStoryboardFile = Main;
				INFOPLIST_KEY_UISupportedInterfaceOrientations_iPad = "UIInterfaceOrientationPortrait UIInterfaceOrientationPortraitUpsideDown UIInterfaceOrientationLandscapeLeft UIInterfaceOrientationLandscapeRight";
				INFOPLIST_KEY_UISupportedInterfaceOrientations_iPhone = "UIInterfaceOrientationPortrait UIInterfaceOrientationLandscapeLeft UIInterfaceOrientationLandscapeRight";
				LD_RUNPATH_SEARCH_PATHS = (
					"$(inherited)",
					"@executable_path/Frameworks",
				);
				MARKETING_VERSION = 1.0;
				PRODUCT_BUNDLE_IDENTIFIER = "company.cook-book";
				PRODUCT_NAME = "$(TARGET_NAME)";
				SWIFT_EMIT_LOC_STRINGS = YES;
				SWIFT_OBJC_BRIDGING_HEADER = "cook_book/FMDB/cook_book-Bridging-Header.h";
				SWIFT_VERSION = 5.0;
				TARGETED_DEVICE_FAMILY = "1,2";
			};
			name = Release;
		};
/* End XCBuildConfiguration section */

/* Begin XCConfigurationList section */
		45E9329829471C9400B83499 /* Build configuration list for PBXProject "cook_book" */ = {
			isa = XCConfigurationList;
			buildConfigurations = (
				45E932AF29471C9400B83499 /* Debug */,
				45E932B029471C9400B83499 /* Release */,
			);
			defaultConfigurationIsVisible = 0;
			defaultConfigurationName = Release;
		};
		45E932B129471C9400B83499 /* Build configuration list for PBXNativeTarget "cook_book" */ = {
			isa = XCConfigurationList;
			buildConfigurations = (
				45E932B229471C9400B83499 /* Debug */,
				45E932B329471C9400B83499 /* Release */,
			);
			defaultConfigurationIsVisible = 0;
			defaultConfigurationName = Release;
		};
/* End XCConfigurationList section */

/* Begin XCRemoteSwiftPackageReference section */
		452CBFA229576708005CDE4F /* XCRemoteSwiftPackageReference "SimpleToast" */ = {
			isa = XCRemoteSwiftPackageReference;
			repositoryURL = "https://github.com/sanzaru/SimpleToast";
			requirement = {
				kind = upToNextMajorVersion;
				minimumVersion = 0.6.2;
			};
		};
/* End XCRemoteSwiftPackageReference section */

/* Begin XCSwiftPackageProductDependency section */
		452CBFA329576708005CDE4F /* SimpleToast */ = {
			isa = XCSwiftPackageProductDependency;
			package = 452CBFA229576708005CDE4F /* XCRemoteSwiftPackageReference "SimpleToast" */;
			productName = SimpleToast;
		};
/* End XCSwiftPackageProductDependency section */
	};
	rootObject = 45E9329529471C9400B83499 /* Project object */;
}
